
Microsoft Visual Studio Solution File, Format Version 12.00
# Visual Studio Version 16
VisualStudioVersion = 16.0.30204.135
MinimumVisualStudioVersion = 10.0.40219.1
Project("{FAE04EC0-301F-11D3-BF4B-00C04F79EFBC}") = "SimpleKeyMouseHook", "SimpleKeyMouseHook\SimpleKeyMouseHook.csproj", "{705F0C2D-3F9A-49E3-A1A4-9DE97ECABBE5}"
EndProject
Global
	GlobalSection(SolutionConfigurationPlatforms) = preSolution
		Debug|Any CPU = Debug|Any CPU
		Release|Any CPU = Release|Any CPU
	EndGlobalSection
	GlobalSection(ProjectConfigurationPlatforms) = postSolution
		{705F0C2D-3F9A-49E3-A1A4-9DE97ECABBE5}.Debug|Any CPU.ActiveCfg = Debug|Any CPU
		{705F0C2D-3F9A-49E3-A1A4-9DE97ECABBE5}.Debug|Any CPU.Build.0 = Debug|Any CPU
		{705F0C2D-3F9A-49E3-A1A4-9DE97ECABBE5}.Release|Any CPU.ActiveCfg = Release|Any CPU
		{705F0C2D-3F9A-49E3-A1A4-9DE97ECABBE5}.Release|Any CPU.Build.0 = Release|Any CPU
	EndGlobalSection
	GlobalSection(SolutionProperties) = preSolution
		HideSolutionNode = FALSE
	EndGlobalSection
	GlobalSection(ExtensibilityGlobals) = postSolution
		SolutionGuid = {8A250C68-D776-44D2-BF17-F034955055DA}
	EndGlobalSection
EndGlobal
